{
  "name": "scripts",
  "version": "1.0.0",
  "lockfileVersion": 3,
  "requires": true,
  "packages": {
    "": {
      "name": "scripts",
      "version": "1.0.0",
      "license": "ISC",
      "dependencies": {
        "boxjam": "^0.0.21",
        "choirlessffmpegrunner": "^1.0.0",
        "fluent-ffmpeg": "^2.1.3"
      }
    },
    "node_modules/async": {
      "version": "0.2.10",
      "resolved": "https://registry.npmjs.org/async/-/async-0.2.10.tgz",
      "integrity": "sha512-eAkdoKxU6/LkKDBzLpT+t6Ff5EtfSF4wx1WfJiPEEV7WNLnDaRXk0oVysiEPm262roaachGexwUv94WhSgN5TQ=="
    },
    "node_modules/boxjam": {
      "version": "0.0.21",
      "resolved": "https://registry.npmjs.org/boxjam/-/boxjam-0.0.21.tgz",
      "integrity": "sha512-g+N9YSmqNtRq+fN/SKhZavAdzWzt6ZnkQv772A3RgqB6AxEjyLeKZfSmbzG+WmQfHg9MdKsuAr1b+GWMshYtRQ==",
      "license": "GPL-3.0"
    },
    "node_modules/choirlessffmpegrunner": {
      "version": "1.0.0",
      "resolved": "https://registry.npmjs.org/choirlessffmpegrunner/-/choirlessffmpegrunner-1.0.0.tgz",
      "integrity": "sha512-Kz2Qm1aPzy9AGO2DCwuH6IT0+pVM63jLG3Y+lljSkk+ap/gPX1LZNvfHeYxvzWg8GMfFUEvgwud/ndmo5EkZCQ==",
      "deprecated": "no longer supported",
      "license": "Apache-2.0",
      "dependencies": {
        "fluent-ffmpeg": "^2.1.2"
      }
    },
    "node_modules/fluent-ffmpeg": {
      "version": "2.1.3",
      "resolved": "https://registry.npmjs.org/fluent-ffmpeg/-/fluent-ffmpeg-2.1.3.tgz",
      "integrity": "sha512-Be3narBNt2s6bsaqP6Jzq91heDgOEaDCJAXcE3qcma/EJBSy5FB4cvO31XBInuAuKBx8Kptf8dkhjK0IOru39Q==",
      "deprecated": "Package no longer supported. Contact Support at https://www.npmjs.com/support for more info.",
      "license": "MIT",
      "dependencies": {
        "async": "^0.2.9",
        "which": "^1.1.1"
      },
      "engines": {
        "node": ">=18"
      }
    },
    "node_modules/isexe": {
      "version": "2.0.0",
      "resolved": "https://registry.npmjs.org/isexe/-/isexe-2.0.0.tgz",
      "integrity": "sha512-RHxMLp9lnKHGHRng9QFhRCMbYAcVpn69smSGcq3f36xjgVVWThj4qqLbTLlq7Ssj8B+fIQ1EuCEGI2lKsyQeIw==",
      "license": "ISC"
    },
    "node_modules/which": {
      "version": "1.3.1",
      "resolved": "https://registry.npmjs.org/which/-/which-1.3.1.tgz",
      "integrity": "sha512-HxJdYWq1MTIQbJ3nw0cqssHoTNU267KlrDuGZ1WYlxDStUtKUhOaJmh112/TZmHxxUfuJqPXSOm7tDyas0OSIQ==",
      "license": "ISC",
      "dependencies": {
        "isexe": "^2.0.0"
      },
      "bin": {
        "which": "bin/which"
      }
    }
  }
}
